// !$*UTF8*$!
{
	archiveVersion = 1;
	classes = {
	};
	objectVersion = 48;
	objects = {

/* Begin PBXBuildFile section */
		8F8BBAF52006683800CD5A62 /* DetalhesFilmeViewController.swift in Sources */ = {isa = PBXBuildFile; fileRef = 8F8BBAF42006683800CD5A62 /* DetalhesFilmeViewController.swift */; };
		8FFFDB012005544D0046F051 /* AppDelegate.swift in Sources */ = {isa = PBXBuildFile; fileRef = 8FFFDB002005544D0046F051 /* AppDelegate.swift */; };
		8FFFDB032005544D0046F051 /* ViewController.swift in Sources */ = {isa = PBXBuildFile; fileRef = 8FFFDB022005544D0046F051 /* ViewController.swift */; };
		8FFFDB062005544D0046F051 /* Main.storyboard in Resources */ = {isa = PBXBuildFile; fileRef = 8FFFDB042005544D0046F051 /* Main.storyboard */; };
		8FFFDB092005544D0046F051 /* app_MyMovies.xcdatamodeld in Sources */ = {isa = PBXBuildFile; fileRef = 8FFFDB072005544D0046F051 /* app_MyMovies.xcdatamodeld */; };
		8FFFDB0B2005544D0046F051 /* Assets.xcassets in Resources */ = {isa = PBXBuildFile; fileRef = 8FFFDB0A2005544D0046F051 /* Assets.xcassets */; };
		8FFFDB0E2005544D0046F051 /* LaunchScreen.storyboard in Resources */ = {isa = PBXBuildFile; fileRef = 8FFFDB0C2005544D0046F051 /* LaunchScreen.storyboard */; };
		8FFFDB1620062C470046F051 /* Filme.swift in Sources */ = {isa = PBXBuildFile; fileRef = 8FFFDB1520062C470046F051 /* Filme.swift */; };
		8FFFDB182006405B0046F051 /* FilmeCelula.swift in Sources */ = {isa = PBXBuildFile; fileRef = 8FFFDB172006405B0046F051 /* FilmeCelula.swift */; };
/* End PBXBuildFile section */

/* Begin PBXFileReference section */
		8F8BBAF42006683800CD5A62 /* DetalhesFilmeViewController.swift */ = {isa = PBXFileReference; lastKnownFileType = sourcecode.swift; path = DetalhesFilmeViewController.swift; sourceTree = "<group>"; };
		8FFFDAFD2005544D0046F051 /* app-MyMovies.app */ = {isa = PBXFileReference; explicitFileType = wrapper.application; includeInIndex = 0; path = "app-MyMovies.app"; sourceTree = BUILT_PRODUCTS_DIR; };
		8FFFDB002005544D0046F051 /* AppDelegate.swift */ = {isa = PBXFileReference; lastKnownFileType = sourcecode.swift; path = AppDelegate.swift; sourceTree = "<group>"; };
		8FFFDB022005544D0046F051 /* ViewController.swift */ = {isa = PBXFileReference; lastKnownFileType = sourcecode.swift; path = ViewController.swift; sourceTree = "<group>"; };
		8FFFDB052005544D0046F051 /* Base */ = {isa = PBXFileReference; lastKnownFileType = file.storyboard; name = Base; path = Base.lproj/Main.storyboard; sourceTree = "<group>"; };
		8FFFDB082005544D0046F051 /* app_MyMovies.xcdatamodel */ = {isa = PBXFileReference; lastKnownFileType = wrapper.xcdatamodel; path = app_MyMovies.xcdatamodel; sourceTree = "<group>"; };
		8FFFDB0A2005544D0046F051 /* Assets.xcassets */ = {isa = PBXFileReference; lastKnownFileType = folder.assetcatalog; path = Assets.xcassets; sourceTree = "<group>"; };
		8FFFDB0D2005544D0046F051 /* Base */ = {isa = PBXFileReference; lastKnownFileType = file.storyboard; name = Base; path = Base.lproj/LaunchScreen.storyboard; sourceTree = "<group>"; };
		8FFFDB0F2005544D0046F051 /* Info.plist */ = {isa = PBXFileReference; lastKnownFileType = text.plist.xml; path = Info.plist; sourceTree = "<group>"; };
		8FFFDB1520062C470046F051 /* Filme.swift */ = {isa = PBXFileReference; lastKnownFileType = sourcecode.swift; path = Filme.swift; sourceTree = "<group>"; };
		8FFFDB172006405B0046F051 /* FilmeCelula.swift */ = {isa = PBXFileReference; lastKnownFileType = sourcecode.swift; path = FilmeCelula.swift; sourceTree = "<group>"; };
/* End PBXFileReference section */

/* Begin PBXFrameworksBuildPhase section */
		8FFFDAFA2005544D0046F051 /* Frameworks */ = {
			isa = PBXFrameworksBuildPhase;
			buildActionMask = 2147483647;
			files = (
			);
			runOnlyForDeploymentPostprocessing = 0;
		};
/* End PBXFrameworksBuildPhase section */

/* Begin PBXGroup section */
		8FFFDAF42005544D0046F051 = {
			isa = PBXGroup;
			children = (
				8FFFDAFF2005544D0046F051 /* app-MyMovies */,
				8FFFDAFE2005544D0046F051 /* Products */,
			);
			sourceTree = "<group>";
		};
		8FFFDAFE2005544D0046F051 /* Products */ = {
			isa = PBXGroup;
			children = (
				8FFFDAFD2005544D0046F051 /* app-MyMovies.app */,
			);
			name = Products;
			sourceTree = "<group>";
		};
		8FFFDAFF2005544D0046F051 /* app-MyMovies */ = {
			isa = PBXGroup;
			children = (
				8FFFDB002005544D0046F051 /* AppDelegate.swift */,
				8FFFDB1520062C470046F051 /* Filme.swift */,
				8FFFDB172006405B0046F051 /* FilmeCelula.swift */,
				8FFFDB022005544D0046F051 /* ViewController.swift */,
				8F8BBAF42006683800CD5A62 /* DetalhesFilmeViewController.swift */,
				8FFFDB042005544D0046F051 /* Main.storyboard */,
				8FFFDB0A2005544D0046F051 /* Assets.xcassets */,
				8FFFDB0C2005544D0046F051 /* LaunchScreen.storyboard */,
				8FFFDB0F2005544D0046F051 /* Info.plist */,
				8FFFDB072005544D0046F051 /* app_MyMovies.xcdatamodeld */,
			);
			path = "app-MyMovies";
			sourceTree = "<group>";
		};
/* End PBXGroup section */

/* Begin PBXNativeTarget section */
		8FFFDAFC2005544D0046F051 /* app-MyMovies */ = {
			isa = PBXNativeTarget;
			buildConfigurationList = 8FFFDB122005544D0046F051 /* Build configuration list for PBXNativeTarget "app-MyMovies" */;
			buildPhases = (
				8FFFDAF92005544D0046F051 /* Sources */,
				8FFFDAFA2005544D0046F051 /* Frameworks */,
				8FFFDAFB2005544D0046F051 /* Resources */,
			);
			buildRules = (
			);
			dependencies = (
			);
			name = "app-MyMovies";
			productName = "app-MyMovies";
			productReference = 8FFFDAFD2005544D0046F051 /* app-MyMovies.app */;
			productType = "com.apple.product-type.application";
		};
/* End PBXNativeTarget section */

/* Begin PBXProject section */
		8FFFDAF52005544D0046F051 /* Project object */ = {
			isa = PBXProject;
			attributes = {
				LastSwiftUpdateCheck = 0900;
				LastUpgradeCheck = 0900;
				ORGANIZATIONNAME = "Walter Junior";
				TargetAttributes = {
					8FFFDAFC2005544D0046F051 = {
						CreatedOnToolsVersion = 9.0.1;
						ProvisioningStyle = Automatic;
					};
				};
			};
			buildConfigurationList = 8FFFDAF82005544D0046F051 /* Build configuration list for PBXProject "app-MyMovies" */;
			compatibilityVersion = "Xcode 8.0";
			developmentRegion = en;
			hasScannedForEncodings = 0;
			knownRegions = (
				en,
				Base,
			);
			mainGroup = 8FFFDAF42005544D0046F051;
			productRefGroup = 8FFFDAFE2005544D0046F051 /* Products */;
			projectDirPath = "";
			projectRoot = "";
			targets = (
				8FFFDAFC2005544D0046F051 /* app-MyMovies */,
			);
		};
/* End PBXProject section */

/* Begin PBXResourcesBuildPhase section */
		8FFFDAFB2005544D0046F051 /* Resources */ = {
			isa = PBXResourcesBuildPhase;
			buildActionMask = 2147483647;
			files = (
				8FFFDB0E2005544D0046F051 /* LaunchScreen.storyboard in Resources */,
				8FFFDB0B2005544D0046F051 /* Assets.xcassets in Resources */,
				8FFFDB062005544D0046F051 /* Main.storyboard in Resources */,
			);
			runOnlyForDeploymentPostprocessing = 0;
		};
/* End PBXResourcesBuildPhase section */

/* Begin PBXSourcesBuildPhase section */
		8FFFDAF92005544D0046F051 /* Sources */ = {
			isa = PBXSourcesBuildPhase;
			buildActionMask = 2147483647;
			files = (
				8FFFDB032005544D0046F051 /* ViewController.swift in Sources */,
				8FFFDB182006405B0046F051 /* FilmeCelula.swift in Sources */,
				8FFFDB092005544D0046F051 /* app_MyMovies.xcdatamodeld in Sources */,
				8FFFDB012005544D0046F051 /* AppDelegate.swift in Sources */,
				8F8BBAF52006683800CD5A62 /* DetalhesFilmeViewController.swift in Sources */,
				8FFFDB1620062C470046F051 /* Filme.swift in Sources */,
			);
			runOnlyForDeploymentPostprocessing = 0;
		};
/* End PBXSourcesBuildPhase section */

/* Begin PBXVariantGroup section */
		8FFFDB042005544D0046F051 /* Main.storyboard */ = {
			isa = PBXVariantGroup;
			children = (
				8FFFDB052005544D0046F051 /* Base */,
			);
			name = Main.storyboard;
			sourceTree = "<group>";
		};
		8FFFDB0C2005544D0046F051 /* LaunchScreen.storyboard */ = {
			isa = PBXVariantGroup;
			children = (
				8FFFDB0D2005544D0046F051 /* Base */,
			);
			name = LaunchScreen.storyboard;
			sourceTree = "<group>";
		};
/* End PBXVariantGroup section */

/* Begin XCBuildConfiguration section */
		8FFFDB102005544D0046F051 /* Debug */ = {
			isa = XCBuildConfiguration;
			buildSettings = {
				ALWAYS_SEARCH_USER_PATHS = NO;
				CLANG_ANALYZER_NONNULL = YES;
				CLANG_ANALYZER_NUMBER_OBJECT_CONVERSION = YES_AGGRESSIVE;
				CLANG_CXX_LANGUAGE_STANDARD = "gnu++14";
				CLANG_CXX_LIBRARY = "libc++";
				CLANG_ENABLE_MODULES = YES;
				CLANG_ENABLE_OBJC_ARC = YES;
				CLANG_WARN_BLOCK_CAPTURE_AUTORELEASING = YES;
				CLANG_WARN_BOOL_CONVERSION = YES;
				CLANG_WARN_COMMA = YES;
				CLANG_WARN_CONSTANT_CONVERSION = YES;
				CLANG_WARN_DIRECT_OBJC_ISA_USAGE = YES_ERROR;
				CLANG_WARN_DOCUMENTATION_COMMENTS = YES;
				CLANG_WARN_EMPTY_BODY = YES;
				CLANG_WARN_ENUM_CONVERSION = YES;
				CLANG_WARN_INFINITE_RECURSION = YES;
				CLANG_WARN_INT_CONVERSION = YES;
				CLANG_WARN_NON_LITERAL_NULL_CONVERSION = YES;
				CLANG_WARN_OBJC_LITERAL_CONVERSION = YES;
				CLANG_WARN_OBJC_ROOT_CLASS = YES_ERROR;
				CLANG_WARN_RANGE_LOOP_ANALYSIS = YES;
				CLANG_WARN_STRICT_PROTOTYPES = YES;
				CLANG_WARN_SUSPICIOUS_MOVE = YES;
				CLANG_WARN_UNGUARDED_AVAILABILITY = YES_AGGRESSIVE;
				CLANG_WARN_UNREACHABLE_CODE = YES;
				CLANG_WARN__DUPLICATE_METHOD_MATCH = YES;
				CODE_SIGN_IDENTITY = "iPhone Developer";
				COPY_PHASE_STRIP = NO;
				DEBUG_INFORMATION_FORMAT = dwarf;
				ENABLE_STRICT_OBJC_MSGSEND = YES;
				ENABLE_TESTABILITY = YES;
				GCC_C_LANGUAGE_STANDARD = gnu11;
				GCC_DYNAMIC_NO_PIC = NO;
				GCC_NO_COMMON_BLOCKS = YES;
				GCC_OPTIMIZATION_LEVEL = 0;
				GCC_PREPROCESSOR_DEFINITIONS = (
					"DEBUG=1",
					"$(inherited)",
				);
				GCC_WARN_64_TO_32_BIT_CONVERSION = YES;
				GCC_WARN_ABOUT_RETURN_TYPE = YES_ERROR;
				GCC_WARN_UNDECLARED_SELECTOR = YES;
				GCC_WARN_UNINITIALIZED_AUTOS = YES_AGGRESSIVE;
				GCC_WARN_UNUSED_FUNCTION = YES;
				GCC_WARN_UNUSED_VARIABLE = YES;
				IPHONEOS_DEPLOYMENT_TARGET = 11.0;
				MTL_ENABLE_DEBUG_INFO = YES;
				ONLY_ACTIVE_ARCH = YES;
				SDKROOT = iphoneos;
				SWIFT_ACTIVE_COMPILATION_CONDITIONS = DEBUG;
				SWIFT_OPTIMIZATION_LEVEL = "-Onone";
			};
			name = Debug;
		};
		8FFFDB112005544D0046F051 /* Release */ = {
			isa = XCBuildConfiguration;
			buildSettings = {
				ALWAYS_SEARCH_USER_PATHS = NO;
				CLANG_ANALYZER_NONNULL = YES;
				CLANG_ANALYZER_NUMBER_OBJECT_CONVERSION = YES_AGGRESSIVE;
				CLANG_CXX_LANGUAGE_STANDARD = "gnu++14";
				CLANG_CXX_LIBRARY = "libc++";
				CLANG_ENABLE_MODULES = YES;
				CLANG_ENABLE_OBJC_ARC = YES;
				CLANG_WARN_BLOCK_CAPTURE_AUTORELEASING = YES;
				CLANG_WARN_BOOL_CONVERSION = YES;
				CLANG_WARN_COMMA = YES;
				CLANG_WARN_CONSTANT_CONVERSION = YES;
				CLANG_WARN_DIRECT_OBJC_ISA_USAGE = YES_ERROR;
				CLANG_WARN_DOCUMENTATION_COMMENTS = YES;
				CLANG_WARN_EMPTY_BODY = YES;
				CLANG_WARN_ENUM_CONVERSION = YES;
				CLANG_WARN_INFINITE_RECURSION = YES;
				CLANG_WARN_INT_CONVERSION = YES;
				CLANG_WARN_NON_LITERAL_NULL_CONVERSION = YES;
				CLANG_WARN_OBJC_LITERAL_CONVERSION = YES;
				CLANG_WARN_OBJC_ROOT_CLASS = YES_ERROR;
				CLANG_WARN_RANGE_LOOP_ANALYSIS = YES;
				CLANG_WARN_STRICT_PROTOTYPES = YES;
				CLANG_WARN_SUSPICIOUS_MOVE = YES;
				CLANG_WARN_UNGUARDED_AVAILABILITY = YES_AGGRESSIVE;
				CLANG_WARN_UNREACHABLE_CODE = YES;
				CLANG_WARN__DUPLICATE_METHOD_MATCH = YES;
				CODE_SIGN_IDENTITY = "iPhone Developer";
				COPY_PHASE_STRIP = NO;
				DEBUG_INFORMATION_FORMAT = "dwarf-with-dsym";
				ENABLE_NS_ASSERTIONS = NO;
				ENABLE_STRICT_OBJC_MSGSEND = YES;
				GCC_C_LANGUAGE_STANDARD = gnu11;
				GCC_NO_COMMON_BLOCKS = YES;
				GCC_WARN_64_TO_32_BIT_CONVERSION = YES;
				GCC_WARN_ABOUT_RETURN_TYPE = YES_ERROR;
				GCC_WARN_UNDECLARED_SELECTOR = YES;
				GCC_WARN_UNINITIALIZED_AUTOS = YES_AGGRESSIVE;
				GCC_WARN_UNUSED_FUNCTION = YES;
				GCC_WARN_UNUSED_VARIABLE = YES;
				IPHONEOS_DEPLOYMENT_TARGET = 11.0;
				MTL_ENABLE_DEBUG_INFO = NO;
				SDKROOT = iphoneos;
				SWIFT_OPTIMIZATION_LEVEL = "-Owholemodule";
				VALIDATE_PRODUCT = YES;
			};
			name = Release;
		};
		8FFFDB132005544D0046F051 /* Debug */ = {
			isa = XCBuildConfiguration;
			buildSettings = {
				ASSETCATALOG_COMPILER_APPICON_NAME = AppIcon;
				CODE_SIGN_STYLE = Automatic;
				DEVELOPMENT_TEAM = KS6G5WGUSD;
				INFOPLIST_FILE = "app-MyMovies/Info.plist";
				LD_RUNPATH_SEARCH_PATHS = "$(inherited) @executable_path/Frameworks";
				PRODUCT_BUNDLE_IDENTIFIER = "WalterJunior.app-MyMovies";
				PRODUCT_NAME = "$(TARGET_NAME)";
				SWIFT_VERSION = 4.0;
				TARGETED_DEVICE_FAMILY = "1,2";
			};
			name = Debug;
		};
		8FFFDB142005544D0046F051 /* Release */ = {
			isa = XCBuildConfiguration;
			buildSettings = {
				ASSETCATALOG_COMPILER_APPICON_NAME = AppIcon;
				CODE_SIGN_STYLE = Automatic;
				DEVELOPMENT_TEAM = KS6G5WGUSD;
				INFOPLIST_FILE = "app-MyMovies/Info.plist";
				LD_RUNPATH_SEARCH_PATHS = "$(inherited) @executable_path/Frameworks";
				PRODUCT_BUNDLE_IDENTIFIER = "WalterJunior.app-MyMovies";
				PRODUCT_NAME = "$(TARGET_NAME)";
				SWIFT_VERSION = 4.0;
				TARGETED_DEVICE_FAMILY = "1,2";
			};
			name = Release;
		};
/* End XCBuildConfiguration section */

/* Begin XCConfigurationList section */
		8FFFDAF82005544D0046F051 /* Build configuration list for PBXProject "app-MyMovies" */ = {
			isa = XCConfigurationList;
			buildConfigurations = (
				8FFFDB102005544D0046F051 /* Debug */,
				8FFFDB112005544D0046F051 /* Release */,
			);
			defaultConfigurationIsVisible = 0;
			defaultConfigurationName = Release;
		};
		8FFFDB122005544D0046F051 /* Build configuration list for PBXNativeTarget "app-MyMovies" */ = {
			isa = XCConfigurationList;
			buildConfigurations = (
				8FFFDB132005544D0046F051 /* Debug */,
				8FFFDB142005544D0046F051 /* Release */,
			);
			defaultConfigurationIsVisible = 0;
			defaultConfigurationName = Release;
		};
/* End XCConfigurationList section */

/* Begin XCVersionGroup section */
		8FFFDB072005544D0046F051 /* app_MyMovies.xcdatamodeld */ = {
			isa = XCVersionGroup;
			children = (
				8FFFDB082005544D0046F051 /* app_MyMovies.xcdatamodel */,
			);
			currentVersion = 8FFFDB082005544D0046F051 /* app_MyMovies.xcdatamodel */;
			path = app_MyMovies.xcdatamodeld;
			sourceTree = "<group>";
			versionGroupType = wrapper.xcdatamodel;
		};
/* End XCVersionGroup section */
	};
	rootObject = 8FFFDAF52005544D0046F051 /* Project object */;
}
